github.com/markcheno/go-quote v0.0.0-20200412134556-15afc0fbe141 h1:TZV7LJGCgcI2vqfntDqcfZVlrt1wVLe210RlVWShvGc=
github.com/markcheno/go-quote v0.0.0-20200412134556-15afc0fbe141/go.mod h1:cDo3FVvBpEI83B1KazdWnVAh4K2F0ing4aCEEanmh9o=
github.com/piquette/finance-go v1.0.0 h1:0nHbZCbhAsUMUt18oTgy5bHQfPRGhcNA0EbpxNRsZAA=
github.com/piquette/finance-go v1.0.0/go.mod h1:H51NoGFnfu41Un/Fp0aAhS2lLRFBiiwHhMsV59bXAI0=
github.com/shopspring/decimal v1.2.0 h1:abSATXmQEYyShuxI4/vyW3tV1MrKAJzCZ/0zLUXYbsQ=
github.com/shopspring/decimal v1.2.0/go.mod h1:DKyhrW/HYNuLGql+MJL6WCR6knT2jwCFRcu2hWCYk4o=
